
Microsoft Visual Studio Solution File, Format Version 12.00
# Visual Studio Version 17
VisualStudioVersion = 17.7.34031.279
MinimumVisualStudioVersion = 10.0.40219.1
Project("{FAE04EC0-301F-11D3-BF4B-00C04F79EFBC}") = "api", "api\api.csproj", "{721B7AC5-58BC-453B-863D-45123630F8D5}"
EndProject
Global
	GlobalSection(SolutionConfigurationPlatforms) = preSolution
		Debug|Any CPU = Debug|Any CPU
		Release|Any CPU = Release|Any CPU
	EndGlobalSection
	GlobalSection(ProjectConfigurationPlatforms) = postSolution
		{721B7AC5-58BC-453B-863D-45123630F8D5}.Debug|Any CPU.ActiveCfg = Debug|Any CPU
		{721B7AC5-58BC-453B-863D-45123630F8D5}.Debug|Any CPU.Build.0 = Debug|Any CPU
		{721B7AC5-58BC-453B-863D-45123630F8D5}.Release|Any CPU.ActiveCfg = Release|Any CPU
		{721B7AC5-58BC-453B-863D-45123630F8D5}.Release|Any CPU.Build.0 = Release|Any CPU
	EndGlobalSection
	GlobalSection(SolutionProperties) = preSolution
		HideSolutionNode = FALSE
	EndGlobalSection
	GlobalSection(ExtensibilityGlobals) = postSolution
		SolutionGuid = {163478E8-833D-45A4-96E7-ED154CF8C1FA}
	EndGlobalSection
EndGlobal
